
Microsoft Visual Studio Solution File, Format Version 12.00
Project("{FAE04EC0-301F-11D3-BF4B-00C04F79EFBC}") = "BackendLabs_1", "BackendLabs_1\BackendLabs_1.csproj", "{A941CF01-613D-42C7-845D-3B6F7CB97540}"
EndProject
Global
	GlobalSection(SolutionConfigurationPlatforms) = preSolution
		Debug|Any CPU = Debug|Any CPU
		Release|Any CPU = Release|Any CPU
	EndGlobalSection
	GlobalSection(ProjectConfigurationPlatforms) = postSolution
		{A941CF01-613D-42C7-845D-3B6F7CB97540}.Debug|Any CPU.ActiveCfg = Debug|Any CPU
		{A941CF01-613D-42C7-845D-3B6F7CB97540}.Debug|Any CPU.Build.0 = Debug|Any CPU
		{A941CF01-613D-42C7-845D-3B6F7CB97540}.Release|Any CPU.ActiveCfg = Release|Any CPU
		{A941CF01-613D-42C7-845D-3B6F7CB97540}.Release|Any CPU.Build.0 = Release|Any CPU
	EndGlobalSection
EndGlobal
